
Microsoft Visual Studio Solution File, Format Version 12.00
# Visual Studio Version 17
VisualStudioVersion = 17.7.34202.233
MinimumVisualStudioVersion = 10.0.40219.1
Project("{FAE04EC0-301F-11D3-BF4B-00C04F79EFBC}") = "appMappe", "appMappe.csproj", "{DC69D753-B67C-4A9B-A271-6766AEA7D8F8}"
EndProject
Global
	GlobalSection(SolutionConfigurationPlatforms) = preSolution
		Debug|Any CPU = Debug|Any CPU
		Release|Any CPU = Release|Any CPU
	EndGlobalSection
	GlobalSection(ProjectConfigurationPlatforms) = postSolution
		{DC69D753-B67C-4A9B-A271-6766AEA7D8F8}.Debug|Any CPU.ActiveCfg = Debug|Any CPU
		{DC69D753-B67C-4A9B-A271-6766AEA7D8F8}.Debug|Any CPU.Build.0 = Debug|Any CPU
		{DC69D753-B67C-4A9B-A271-6766AEA7D8F8}.Release|Any CPU.ActiveCfg = Release|Any CPU
		{DC69D753-B67C-4A9B-A271-6766AEA7D8F8}.Release|Any CPU.Build.0 = Release|Any CPU
	EndGlobalSection
	GlobalSection(SolutionProperties) = preSolution
		HideSolutionNode = FALSE
	EndGlobalSection
	GlobalSection(ExtensibilityGlobals) = postSolution
		SolutionGuid = {BB34810D-C9E7-4FCF-AED5-3FB40860661B}
	EndGlobalSection
EndGlobal
